
Microsoft Visual Studio Solution File, Format Version 12.00
# Visual Studio Version 17
VisualStudioVersion = 17.9.34622.214
MinimumVisualStudioVersion = 10.0.40219.1
Project("{FAE04EC0-301F-11D3-BF4B-00C04F79EFBC}") = "Creational Design Patterns", "Creational Design Patterns\Creational Design Patterns.csproj", "{50BDF352-6F91-4B36-BB57-A87F819CE3FF}"
EndProject
Global
	GlobalSection(SolutionConfigurationPlatforms) = preSolution
		Debug|Any CPU = Debug|Any CPU
		Release|Any CPU = Release|Any CPU
	EndGlobalSection
	GlobalSection(ProjectConfigurationPlatforms) = postSolution
		{50BDF352-6F91-4B36-BB57-A87F819CE3FF}.Debug|Any CPU.ActiveCfg = Debug|Any CPU
		{50BDF352-6F91-4B36-BB57-A87F819CE3FF}.Debug|Any CPU.Build.0 = Debug|Any CPU
		{50BDF352-6F91-4B36-BB57-A87F819CE3FF}.Release|Any CPU.ActiveCfg = Release|Any CPU
		{50BDF352-6F91-4B36-BB57-A87F819CE3FF}.Release|Any CPU.Build.0 = Release|Any CPU
	EndGlobalSection
	GlobalSection(SolutionProperties) = preSolution
		HideSolutionNode = FALSE
	EndGlobalSection
	GlobalSection(ExtensibilityGlobals) = postSolution
		SolutionGuid = {421B99E4-E719-4D6E-AA09-063CC2A63A26}
	EndGlobalSection
EndGlobal
